
Microsoft Visual Studio Solution File, Format Version 12.00
# Visual Studio Version 16
VisualStudioVersion = 16.0.29911.84
MinimumVisualStudioVersion = 10.0.40219.1
Project("{FAE04EC0-301F-11D3-BF4B-00C04F79EFBC}") = "DiaryCollector", "DiaryCollector\DiaryCollector.csproj", "{AF6D7E2F-4385-4D65-9766-284CFFF7CECF}"
EndProject
Global
	GlobalSection(SolutionConfigurationPlatforms) = preSolution
		Debug|Any CPU = Debug|Any CPU
		Release|Any CPU = Release|Any CPU
	EndGlobalSection
	GlobalSection(ProjectConfigurationPlatforms) = postSolution
		{AF6D7E2F-4385-4D65-9766-284CFFF7CECF}.Debug|Any CPU.ActiveCfg = Debug|Any CPU
		{AF6D7E2F-4385-4D65-9766-284CFFF7CECF}.Debug|Any CPU.Build.0 = Debug|Any CPU
		{AF6D7E2F-4385-4D65-9766-284CFFF7CECF}.Release|Any CPU.ActiveCfg = Release|Any CPU
		{AF6D7E2F-4385-4D65-9766-284CFFF7CECF}.Release|Any CPU.Build.0 = Release|Any CPU
	EndGlobalSection
	GlobalSection(SolutionProperties) = preSolution
		HideSolutionNode = FALSE
	EndGlobalSection
	GlobalSection(ExtensibilityGlobals) = postSolution
		SolutionGuid = {F1E3CF6E-0795-46C6-8C58-E2E6C9FCE3DC}
	EndGlobalSection
EndGlobal
